// !$*UTF8*$!
{
	archiveVersion = 1;
	classes = {
	};
	objectVersion = 77;
	objects = {

/* Begin PBXBuildFile section */
		DD5385BA2E7912E80079945E /* String+Extension.swift in Sources */ = {isa = PBXBuildFile; fileRef = DD5385B92E7912E80079945E /* String+Extension.swift */; };
		DD5385C02E798CE60079945E /* User_App Storage.swift in Sources */ = {isa = PBXBuildFile; fileRef = DD5385BF2E798CD00079945E /* User_App Storage.swift */; };
		DD6C331B2E717D48009B3FEE /* Assets.xcassets in Resources */ = {isa = PBXBuildFile; fileRef = DD6C33142E717D48009B3FEE /* Assets.xcassets */; };
		DD6C331D2E717D48009B3FEE /* Alert.swift in Sources */ = {isa = PBXBuildFile; fileRef = DD6C330B2E717D48009B3FEE /* Alert.swift */; };
		DD6C331E2E717D48009B3FEE /* APerror.swift in Sources */ = {isa = PBXBuildFile; fileRef = DD6C330C2E717D48009B3FEE /* APerror.swift */; };
		DD6C331F2E717D48009B3FEE /* Appetizer.swift in Sources */ = {isa = PBXBuildFile; fileRef = DD6C330D2E717D48009B3FEE /* Appetizer.swift */; };
		DD6C33202E717D48009B3FEE /* Appetizer_appApp.swift in Sources */ = {isa = PBXBuildFile; fileRef = DD6C330E2E717D48009B3FEE /* Appetizer_appApp.swift */; };
		DD6C33212E717D48009B3FEE /* AppetizerListCell.swift in Sources */ = {isa = PBXBuildFile; fileRef = DD6C330F2E717D48009B3FEE /* AppetizerListCell.swift */; };
		DD6C33222E717D48009B3FEE /* AppetizerlistCell1.swift in Sources */ = {isa = PBXBuildFile; fileRef = DD6C33102E717D48009B3FEE /* AppetizerlistCell1.swift */; };
		DD6C33262E717D48009B3FEE /* ColorExtension.swift in Sources */ = {isa = PBXBuildFile; fileRef = DD6C33152E717D48009B3FEE /* ColorExtension.swift */; };
		DD6C33272E717D48009B3FEE /* loadingView.swift in Sources */ = {isa = PBXBuildFile; fileRef = DD6C33162E717D48009B3FEE /* loadingView.swift */; };
		DD6C33282E717D48009B3FEE /* NetworkManager.swift in Sources */ = {isa = PBXBuildFile; fileRef = DD6C33172E717D48009B3FEE /* NetworkManager.swift */; };
		DD6C332A2E717D48009B3FEE /* RemoteImage.swift in Sources */ = {isa = PBXBuildFile; fileRef = DD6C33192E717D48009B3FEE /* RemoteImage.swift */; };
		DD6C333E2E73107B009B3FEE /* APButton.swift in Sources */ = {isa = PBXBuildFile; fileRef = DD6C333D2E730F69009B3FEE /* APButton.swift */; };
		DD6C33412E73C428009B3FEE /* XDDismissed.swift in Sources */ = {isa = PBXBuildFile; fileRef = DD6C33402E73C417009B3FEE /* XDDismissed.swift */; };
		DD700BEB2E7D18FC00DDA7DA /* Order.swift in Sources */ = {isa = PBXBuildFile; fileRef = DD700BEA2E7D18F400DDA7DA /* Order.swift */; };
/* End PBXBuildFile section */

/* Begin PBXContainerItemProxy section */
		DD46B9122E62EFCA00456183 /* PBXContainerItemProxy */ = {
			isa = PBXContainerItemProxy;
			containerPortal = DD46B8FC2E62EFC700456183 /* Project object */;
			proxyType = 1;
			remoteGlobalIDString = DD46B9032E62EFC700456183;
			remoteInfo = "Appetizer app";
		};
		DD46B91C2E62EFCA00456183 /* PBXContainerItemProxy */ = {
			isa = PBXContainerItemProxy;
			containerPortal = DD46B8FC2E62EFC700456183 /* Project object */;
			proxyType = 1;
			remoteGlobalIDString = DD46B9032E62EFC700456183;
			remoteInfo = "Appetizer app";
		};
/* End PBXContainerItemProxy section */

/* Begin PBXFileReference section */
		DD46B9042E62EFC700456183 /* Appetizer app.app */ = {isa = PBXFileReference; explicitFileType = wrapper.application; includeInIndex = 0; path = "Appetizer app.app"; sourceTree = BUILT_PRODUCTS_DIR; };
		DD46B9112E62EFCA00456183 /* Appetizer appTests.xctest */ = {isa = PBXFileReference; explicitFileType = wrapper.cfbundle; includeInIndex = 0; path = "Appetizer appTests.xctest"; sourceTree = BUILT_PRODUCTS_DIR; };
		DD46B91B2E62EFCA00456183 /* Appetizer appUITests.xctest */ = {isa = PBXFileReference; explicitFileType = wrapper.cfbundle; includeInIndex = 0; path = "Appetizer appUITests.xctest"; sourceTree = BUILT_PRODUCTS_DIR; };
		DD5385B92E7912E80079945E /* String+Extension.swift */ = {isa = PBXFileReference; lastKnownFileType = sourcecode.swift; path = "String+Extension.swift"; sourceTree = "<group>"; };
		DD5385BF2E798CD00079945E /* User_App Storage.swift */ = {isa = PBXFileReference; lastKnownFileType = sourcecode.swift; path = "User_App Storage.swift"; sourceTree = "<group>"; };
		DD6C330B2E717D48009B3FEE /* Alert.swift */ = {isa = PBXFileReference; lastKnownFileType = sourcecode.swift; path = Alert.swift; sourceTree = "<group>"; };
		DD6C330C2E717D48009B3FEE /* APerror.swift */ = {isa = PBXFileReference; lastKnownFileType = sourcecode.swift; path = APerror.swift; sourceTree = "<group>"; };
		DD6C330D2E717D48009B3FEE /* Appetizer.swift */ = {isa = PBXFileReference; lastKnownFileType = sourcecode.swift; path = Appetizer.swift; sourceTree = "<group>"; };
		DD6C330E2E717D48009B3FEE /* Appetizer_appApp.swift */ = {isa = PBXFileReference; lastKnownFileType = sourcecode.swift; path = Appetizer_appApp.swift; sourceTree = "<group>"; };
		DD6C330F2E717D48009B3FEE /* AppetizerListCell.swift */ = {isa = PBXFileReference; lastKnownFileType = sourcecode.swift; path = AppetizerListCell.swift; sourceTree = "<group>"; };
		DD6C33102E717D48009B3FEE /* AppetizerlistCell1.swift */ = {isa = PBXFileReference; lastKnownFileType = sourcecode.swift; path = AppetizerlistCell1.swift; sourceTree = "<group>"; };
		DD6C33142E717D48009B3FEE /* Assets.xcassets */ = {isa = PBXFileReference; lastKnownFileType = folder.assetcatalog; path = Assets.xcassets; sourceTree = "<group>"; };
		DD6C33152E717D48009B3FEE /* ColorExtension.swift */ = {isa = PBXFileReference; lastKnownFileType = sourcecode.swift; path = ColorExtension.swift; sourceTree = "<group>"; };
		DD6C33162E717D48009B3FEE /* loadingView.swift */ = {isa = PBXFileReference; lastKnownFileType = sourcecode.swift; path = loadingView.swift; sourceTree = "<group>"; };
		DD6C33172E717D48009B3FEE /* NetworkManager.swift */ = {isa = PBXFileReference; lastKnownFileType = sourcecode.swift; path = NetworkManager.swift; sourceTree = "<group>"; };
		DD6C33192E717D48009B3FEE /* RemoteImage.swift */ = {isa = PBXFileReference; lastKnownFileType = sourcecode.swift; path = RemoteImage.swift; sourceTree = "<group>"; };
		DD6C333D2E730F69009B3FEE /* APButton.swift */ = {isa = PBXFileReference; lastKnownFileType = sourcecode.swift; path = APButton.swift; sourceTree = "<group>"; };
		DD6C33402E73C417009B3FEE /* XDDismissed.swift */ = {isa = PBXFileReference; lastKnownFileType = sourcecode.swift; path = XDDismissed.swift; sourceTree = "<group>"; };
		DD700BEA2E7D18F400DDA7DA /* Order.swift */ = {isa = PBXFileReference; lastKnownFileType = sourcecode.swift; path = Order.swift; sourceTree = "<group>"; };
		DD700BEC2E7D9F4C00DDA7DA /* Appetizer-app-Info.plist */ = {isa = PBXFileReference; lastKnownFileType = text.plist; path = "Appetizer-app-Info.plist"; sourceTree = SOURCE_ROOT; };
/* End PBXFileReference section */

/* Begin PBXFileSystemSynchronizedRootGroup section */
		DD46B9142E62EFCA00456183 /* Appetizer appTests */ = {
			isa = PBXFileSystemSynchronizedRootGroup;
			path = "Appetizer appTests";
			sourceTree = "<group>";
		};
		DD46B91E2E62EFCA00456183 /* Appetizer appUITests */ = {
			isa = PBXFileSystemSynchronizedRootGroup;
			path = "Appetizer appUITests";
			sourceTree = "<group>";
		};
/* End PBXFileSystemSynchronizedRootGroup section */

/* Begin PBXFrameworksBuildPhase section */
		DD46B9012E62EFC700456183 /* Frameworks */ = {
			isa = PBXFrameworksBuildPhase;
			buildActionMask = 2147483647;
			files = (
			);
			runOnlyForDeploymentPostprocessing = 0;
		};
		DD46B90E2E62EFCA00456183 /* Frameworks */ = {
			isa = PBXFrameworksBuildPhase;
			buildActionMask = 2147483647;
			files = (
			);
			runOnlyForDeploymentPostprocessing = 0;
		};
		DD46B9182E62EFCA00456183 /* Frameworks */ = {
			isa = PBXFrameworksBuildPhase;
			buildActionMask = 2147483647;
			files = (
			);
			runOnlyForDeploymentPostprocessing = 0;
		};
/* End PBXFrameworksBuildPhase section */

/* Begin PBXGroup section */
		DD46B8FB2E62EFC700456183 = {
			isa = PBXGroup;
			children = (
				DD6C331A2E717D48009B3FEE /* Appetizer app */,
				DD46B9142E62EFCA00456183 /* Appetizer appTests */,
				DD46B91E2E62EFCA00456183 /* Appetizer appUITests */,
				DD46B9052E62EFC700456183 /* Products */,
			);
			sourceTree = "<group>";
		};
		DD46B9052E62EFC700456183 /* Products */ = {
			isa = PBXGroup;
			children = (
				DD46B9042E62EFC700456183 /* Appetizer app.app */,
				DD46B9112E62EFCA00456183 /* Appetizer appTests.xctest */,
				DD46B91B2E62EFCA00456183 /* Appetizer appUITests.xctest */,
			);
			name = Products;
			sourceTree = "<group>";
		};
		DD6C331A2E717D48009B3FEE /* Appetizer app */ = {
			isa = PBXGroup;
			children = (
				DD700BEC2E7D9F4C00DDA7DA /* Appetizer-app-Info.plist */,
				DD6C332F2E717E7B009B3FEE /* Utilities */,
				DD6C330E2E717D48009B3FEE /* Appetizer_appApp.swift */,
				DD6C33142E717D48009B3FEE /* Assets.xcassets */,
			);
			path = "Appetizer app";
			sourceTree = "<group>";
		};
		DD6C332F2E717E7B009B3FEE /* Utilities */ = {
			isa = PBXGroup;
			children = (
				DD6C333C2E730F5F009B3FEE /* Buttons */,
				DD6C33372E717FDB009B3FEE /* Models */,
				DD6C33332E717F06009B3FEE /* Views */,
				DD6C33322E717E9C009B3FEE /* Manager */,
				DD6C33312E717E90009B3FEE /* Extensions */,
				DD6C33302E717E84009B3FEE /* Alerts */,
			);
			path = Utilities;
			sourceTree = "<group>";
		};
		DD6C33302E717E84009B3FEE /* Alerts */ = {
			isa = PBXGroup;
			children = (
				DD6C330C2E717D48009B3FEE /* APerror.swift */,
				DD6C330B2E717D48009B3FEE /* Alert.swift */,
			);
			path = Alerts;
			sourceTree = "<group>";
		};
		DD6C33312E717E90009B3FEE /* Extensions */ = {
			isa = PBXGroup;
			children = (
				DD6C33152E717D48009B3FEE /* ColorExtension.swift */,
				DD5385B92E7912E80079945E /* String+Extension.swift */,
			);
			path = Extensions;
			sourceTree = "<group>";
		};
		DD6C33322E717E9C009B3FEE /* Manager */ = {
			isa = PBXGroup;
			children = (
				DD6C33172E717D48009B3FEE /* NetworkManager.swift */,
			);
			path = Manager;
			sourceTree = "<group>";
		};
		DD6C33332E717F06009B3FEE /* Views */ = {
			isa = PBXGroup;
			children = (
				DD6C33362E717F32009B3FEE /* UIKit component */,
				DD6C33352E717F26009B3FEE /* cells */,
				DD6C33342E717F1B009B3FEE /* image */,
			);
			path = Views;
			sourceTree = "<group>";
		};
		DD6C33342E717F1B009B3FEE /* image */ = {
			isa = PBXGroup;
			children = (
				DD6C33192E717D48009B3FEE /* RemoteImage.swift */,
			);
			path = image;
			sourceTree = "<group>";
		};
		DD6C33352E717F26009B3FEE /* cells */ = {
			isa = PBXGroup;
			children = (
				DD6C330F2E717D48009B3FEE /* AppetizerListCell.swift */,
				DD6C33102E717D48009B3FEE /* AppetizerlistCell1.swift */,
			);
			path = cells;
			sourceTree = "<group>";
		};
		DD6C33362E717F32009B3FEE /* UIKit component */ = {
			isa = PBXGroup;
			children = (
				DD6C33162E717D48009B3FEE /* loadingView.swift */,
			);
			path = "UIKit component";
			sourceTree = "<group>";
		};
		DD6C33372E717FDB009B3FEE /* Models */ = {
			isa = PBXGroup;
			children = (
				DD700BEA2E7D18F400DDA7DA /* Order.swift */,
				DD5385BF2E798CD00079945E /* User_App Storage.swift */,
				DD6C330D2E717D48009B3FEE /* Appetizer.swift */,
			);
			path = Models;
			sourceTree = "<group>";
		};
		DD6C333C2E730F5F009B3FEE /* Buttons */ = {
			isa = PBXGroup;
			children = (
				DD6C33402E73C417009B3FEE /* XDDismissed.swift */,
				DD6C333D2E730F69009B3FEE /* APButton.swift */,
			);
			path = Buttons;
			sourceTree = "<group>";
		};
/* End PBXGroup section */

/* Begin PBXNativeTarget section */
		DD46B9032E62EFC700456183 /* Appetizer app */ = {
			isa = PBXNativeTarget;
			buildConfigurationList = DD46B9252E62EFCA00456183 /* Build configuration list for PBXNativeTarget "Appetizer app" */;
			buildPhases = (
				DD46B9002E62EFC700456183 /* Sources */,
				DD46B9012E62EFC700456183 /* Frameworks */,
				DD46B9022E62EFC700456183 /* Resources */,
			);
			buildRules = (
			);
			dependencies = (
			);
			name = "Appetizer app";
			packageProductDependencies = (
			);
			productName = "Appetizer app";
			productReference = DD46B9042E62EFC700456183 /* Appetizer app.app */;
			productType = "com.apple.product-type.application";
		};
		DD46B9102E62EFCA00456183 /* Appetizer appTests */ = {
			isa = PBXNativeTarget;
			buildConfigurationList = DD46B9282E62EFCA00456183 /* Build configuration list for PBXNativeTarget "Appetizer appTests" */;
			buildPhases = (
				DD46B90D2E62EFCA00456183 /* Sources */,
				DD46B90E2E62EFCA00456183 /* Frameworks */,
				DD46B90F2E62EFCA00456183 /* Resources */,
			);
			buildRules = (
			);
			dependencies = (
				DD46B9132E62EFCA00456183 /* PBXTargetDependency */,
			);
			fileSystemSynchronizedGroups = (
				DD46B9142E62EFCA00456183 /* Appetizer appTests */,
			);
			name = "Appetizer appTests";
			packageProductDependencies = (
			);
			productName = "Appetizer appTests";
			productReference = DD46B9112E62EFCA00456183 /* Appetizer appTests.xctest */;
			productType = "com.apple.product-type.bundle.unit-test";
		};
		DD46B91A2E62EFCA00456183 /* Appetizer appUITests */ = {
			isa = PBXNativeTarget;
			buildConfigurationList = DD46B92B2E62EFCA00456183 /* Build configuration list for PBXNativeTarget "Appetizer appUITests" */;
			buildPhases = (
				DD46B9172E62EFCA00456183 /* Sources */,
				DD46B9182E62EFCA00456183 /* Frameworks */,
				DD46B9192E62EFCA00456183 /* Resources */,
			);
			buildRules = (
			);
			dependencies = (
				DD46B91D2E62EFCA00456183 /* PBXTargetDependency */,
			);
			fileSystemSynchronizedGroups = (
				DD46B91E2E62EFCA00456183 /* Appetizer appUITests */,
			);
			name = "Appetizer appUITests";
			packageProductDependencies = (
			);
			productName = "Appetizer appUITests";
			productReference = DD46B91B2E62EFCA00456183 /* Appetizer appUITests.xctest */;
			productType = "com.apple.product-type.bundle.ui-testing";
		};
/* End PBXNativeTarget section */

/* Begin PBXProject section */
		DD46B8FC2E62EFC700456183 /* Project object */ = {
			isa = PBXProject;
			attributes = {
				BuildIndependentTargetsInParallel = 1;
				LastSwiftUpdateCheck = 1640;
				LastUpgradeCheck = 1640;
				TargetAttributes = {
					DD46B9032E62EFC700456183 = {
						CreatedOnToolsVersion = 16.4;
					};
					DD46B9102E62EFCA00456183 = {
						CreatedOnToolsVersion = 16.4;
						TestTargetID = DD46B9032E62EFC700456183;
					};
					DD46B91A2E62EFCA00456183 = {
						CreatedOnToolsVersion = 16.4;
						TestTargetID = DD46B9032E62EFC700456183;
					};
				};
			};
			buildConfigurationList = DD46B8FF2E62EFC700456183 /* Build configuration list for PBXProject "Appetizer app" */;
			developmentRegion = en;
			hasScannedForEncodings = 0;
			knownRegions = (
				en,
				Base,
			);
			mainGroup = DD46B8FB2E62EFC700456183;
			minimizedProjectReferenceProxies = 1;
			preferredProjectObjectVersion = 77;
			productRefGroup = DD46B9052E62EFC700456183 /* Products */;
			projectDirPath = "";
			projectRoot = "";
			targets = (
				DD46B9032E62EFC700456183 /* Appetizer app */,
				DD46B9102E62EFCA00456183 /* Appetizer appTests */,
				DD46B91A2E62EFCA00456183 /* Appetizer appUITests */,
			);
		};
/* End PBXProject section */

/* Begin PBXResourcesBuildPhase section */
		DD46B9022E62EFC700456183 /* Resources */ = {
			isa = PBXResourcesBuildPhase;
			buildActionMask = 2147483647;
			files = (
				DD6C331B2E717D48009B3FEE /* Assets.xcassets in Resources */,
			);
			runOnlyForDeploymentPostprocessing = 0;
		};
		DD46B90F2E62EFCA00456183 /* Resources */ = {
			isa = PBXResourcesBuildPhase;
			buildActionMask = 2147483647;
			files = (
			);
			runOnlyForDeploymentPostprocessing = 0;
		};
		DD46B9192E62EFCA00456183 /* Resources */ = {
			isa = PBXResourcesBuildPhase;
			buildActionMask = 2147483647;
			files = (
			);
			runOnlyForDeploymentPostprocessing = 0;
		};
/* End PBXResourcesBuildPhase section */

/* Begin PBXSourcesBuildPhase section */
		DD46B9002E62EFC700456183 /* Sources */ = {
			isa = PBXSourcesBuildPhase;
			buildActionMask = 2147483647;
			files = (
				DD6C33412E73C428009B3FEE /* XDDismissed.swift in Sources */,
				DD6C331D2E717D48009B3FEE /* Alert.swift in Sources */,
				DD6C331E2E717D48009B3FEE /* APerror.swift in Sources */,
				DD6C331F2E717D48009B3FEE /* Appetizer.swift in Sources */,
				DD6C33202E717D48009B3FEE /* Appetizer_appApp.swift in Sources */,
				DD6C33212E717D48009B3FEE /* AppetizerListCell.swift in Sources */,
				DD5385BA2E7912E80079945E /* String+Extension.swift in Sources */,
				DD5385C02E798CE60079945E /* User_App Storage.swift in Sources */,
				DD6C33222E717D48009B3FEE /* AppetizerlistCell1.swift in Sources */,
				DD6C33262E717D48009B3FEE /* ColorExtension.swift in Sources */,
				DD6C33272E717D48009B3FEE /* loadingView.swift in Sources */,
				DD6C333E2E73107B009B3FEE /* APButton.swift in Sources */,
				DD700BEB2E7D18FC00DDA7DA /* Order.swift in Sources */,
				DD6C33282E717D48009B3FEE /* NetworkManager.swift in Sources */,
				DD6C332A2E717D48009B3FEE /* RemoteImage.swift in Sources */,
			);
			runOnlyForDeploymentPostprocessing = 0;
		};
		DD46B90D2E62EFCA00456183 /* Sources */ = {
			isa = PBXSourcesBuildPhase;
			buildActionMask = 2147483647;
			files = (
			);
			runOnlyForDeploymentPostprocessing = 0;
		};
		DD46B9172E62EFCA00456183 /* Sources */ = {
			isa = PBXSourcesBuildPhase;
			buildActionMask = 2147483647;
			files = (
			);
			runOnlyForDeploymentPostprocessing = 0;
		};
/* End PBXSourcesBuildPhase section */

/* Begin PBXTargetDependency section */
		DD46B9132E62EFCA00456183 /* PBXTargetDependency */ = {
			isa = PBXTargetDependency;
			target = DD46B9032E62EFC700456183 /* Appetizer app */;
			targetProxy = DD46B9122E62EFCA00456183 /* PBXContainerItemProxy */;
		};
		DD46B91D2E62EFCA00456183 /* PBXTargetDependency */ = {
			isa = PBXTargetDependency;
			target = DD46B9032E62EFC700456183 /* Appetizer app */;
			targetProxy = DD46B91C2E62EFCA00456183 /* PBXContainerItemProxy */;
		};
/* End PBXTargetDependency section */

/* Begin XCBuildConfiguration section */
		DD46B9232E62EFCA00456183 /* Debug */ = {
			isa = XCBuildConfiguration;
			buildSettings = {
				ALWAYS_SEARCH_USER_PATHS = NO;
				ASSETCATALOG_COMPILER_GENERATE_SWIFT_ASSET_SYMBOL_EXTENSIONS = YES;
				CLANG_ANALYZER_NONNULL = YES;
				CLANG_ANALYZER_NUMBER_OBJECT_CONVERSION = YES_AGGRESSIVE;
				CLANG_CXX_LANGUAGE_STANDARD = "gnu++20";
				CLANG_ENABLE_MODULES = YES;
				CLANG_ENABLE_OBJC_ARC = YES;
				CLANG_ENABLE_OBJC_WEAK = YES;
				CLANG_WARN_BLOCK_CAPTURE_AUTORELEASING = YES;
				CLANG_WARN_BOOL_CONVERSION = YES;
				CLANG_WARN_COMMA = YES;
				CLANG_WARN_CONSTANT_CONVERSION = YES;
				CLANG_WARN_DEPRECATED_OBJC_IMPLEMENTATIONS = YES;
				CLANG_WARN_DIRECT_OBJC_ISA_USAGE = YES_ERROR;
				CLANG_WARN_DOCUMENTATION_COMMENTS = YES;
				CLANG_WARN_EMPTY_BODY = YES;
				CLANG_WARN_ENUM_CONVERSION = YES;
				CLANG_WARN_INFINITE_RECURSION = YES;
				CLANG_WARN_INT_CONVERSION = YES;
				CLANG_WARN_NON_LITERAL_NULL_CONVERSION = YES;
				CLANG_WARN_OBJC_IMPLICIT_RETAIN_SELF = YES;
				CLANG_WARN_OBJC_LITERAL_CONVERSION = YES;
				CLANG_WARN_OBJC_ROOT_CLASS = YES_ERROR;
				CLANG_WARN_QUOTED_INCLUDE_IN_FRAMEWORK_HEADER = YES;
				CLANG_WARN_RANGE_LOOP_ANALYSIS = YES;
				CLANG_WARN_STRICT_PROTOTYPES = YES;
				CLANG_WARN_SUSPICIOUS_MOVE = YES;
				CLANG_WARN_UNGUARDED_AVAILABILITY = YES_AGGRESSIVE;
				CLANG_WARN_UNREACHABLE_CODE = YES;
				CLANG_WARN__DUPLICATE_METHOD_MATCH = YES;
				COPY_PHASE_STRIP = NO;
				DEBUG_INFORMATION_FORMAT = dwarf;
				DEVELOPMENT_TEAM = W474LURM85;
				ENABLE_STRICT_OBJC_MSGSEND = YES;
				ENABLE_TESTABILITY = YES;
				ENABLE_USER_SCRIPT_SANDBOXING = YES;
				GCC_C_LANGUAGE_STANDARD = gnu17;
				GCC_DYNAMIC_NO_PIC = NO;
				GCC_NO_COMMON_BLOCKS = YES;
				GCC_OPTIMIZATION_LEVEL = 0;
				GCC_PREPROCESSOR_DEFINITIONS = (
					"DEBUG=1",
					"$(inherited)",
				);
				GCC_WARN_64_TO_32_BIT_CONVERSION = YES;
				GCC_WARN_ABOUT_RETURN_TYPE = YES_ERROR;
				GCC_WARN_UNDECLARED_SELECTOR = YES;
				GCC_WARN_UNINITIALIZED_AUTOS = YES_AGGRESSIVE;
				GCC_WARN_UNUSED_FUNCTION = YES;
				GCC_WARN_UNUSED_VARIABLE = YES;
				IPHONEOS_DEPLOYMENT_TARGET = 18.5;
				LOCALIZATION_PREFERS_STRING_CATALOGS = YES;
				MTL_ENABLE_DEBUG_INFO = INCLUDE_SOURCE;
				MTL_FAST_MATH = YES;
				ONLY_ACTIVE_ARCH = YES;
				SDKROOT = iphoneos;
				SWIFT_ACTIVE_COMPILATION_CONDITIONS = "DEBUG $(inherited)";
				SWIFT_OPTIMIZATION_LEVEL = "-Onone";
			};
			name = Debug;
		};
		DD46B9242E62EFCA00456183 /* Release */ = {
			isa = XCBuildConfiguration;
			buildSettings = {
				ALWAYS_SEARCH_USER_PATHS = NO;
				ASSETCATALOG_COMPILER_GENERATE_SWIFT_ASSET_SYMBOL_EXTENSIONS = YES;
				CLANG_ANALYZER_NONNULL = YES;
				CLANG_ANALYZER_NUMBER_OBJECT_CONVERSION = YES_AGGRESSIVE;
				CLANG_CXX_LANGUAGE_STANDARD = "gnu++20";
				CLANG_ENABLE_MODULES = YES;
				CLANG_ENABLE_OBJC_ARC = YES;
				CLANG_ENABLE_OBJC_WEAK = YES;
				CLANG_WARN_BLOCK_CAPTURE_AUTORELEASING = YES;
				CLANG_WARN_BOOL_CONVERSION = YES;
				CLANG_WARN_COMMA = YES;
				CLANG_WARN_CONSTANT_CONVERSION = YES;
				CLANG_WARN_DEPRECATED_OBJC_IMPLEMENTATIONS = YES;
				CLANG_WARN_DIRECT_OBJC_ISA_USAGE = YES_ERROR;
				CLANG_WARN_DOCUMENTATION_COMMENTS = YES;
				CLANG_WARN_EMPTY_BODY = YES;
				CLANG_WARN_ENUM_CONVERSION = YES;
				CLANG_WARN_INFINITE_RECURSION = YES;
				CLANG_WARN_INT_CONVERSION = YES;
				CLANG_WARN_NON_LITERAL_NULL_CONVERSION = YES;
				CLANG_WARN_OBJC_IMPLICIT_RETAIN_SELF = YES;
				CLANG_WARN_OBJC_LITERAL_CONVERSION = YES;
				CLANG_WARN_OBJC_ROOT_CLASS = YES_ERROR;
				CLANG_WARN_QUOTED_INCLUDE_IN_FRAMEWORK_HEADER = YES;
				CLANG_WARN_RANGE_LOOP_ANALYSIS = YES;
				CLANG_WARN_STRICT_PROTOTYPES = YES;
				CLANG_WARN_SUSPICIOUS_MOVE = YES;
				CLANG_WARN_UNGUARDED_AVAILABILITY = YES_AGGRESSIVE;
				CLANG_WARN_UNREACHABLE_CODE = YES;
				CLANG_WARN__DUPLICATE_METHOD_MATCH = YES;
				COPY_PHASE_STRIP = NO;
				DEBUG_INFORMATION_FORMAT = "dwarf-with-dsym";
				DEVELOPMENT_TEAM = W474LURM85;
				ENABLE_NS_ASSERTIONS = NO;
				ENABLE_STRICT_OBJC_MSGSEND = YES;
				ENABLE_USER_SCRIPT_SANDBOXING = YES;
				GCC_C_LANGUAGE_STANDARD = gnu17;
				GCC_NO_COMMON_BLOCKS = YES;
				GCC_WARN_64_TO_32_BIT_CONVERSION = YES;
				GCC_WARN_ABOUT_RETURN_TYPE = YES_ERROR;
				GCC_WARN_UNDECLARED_SELECTOR = YES;
				GCC_WARN_UNINITIALIZED_AUTOS = YES_AGGRESSIVE;
				GCC_WARN_UNUSED_FUNCTION = YES;
				GCC_WARN_UNUSED_VARIABLE = YES;
				IPHONEOS_DEPLOYMENT_TARGET = 18.5;
				LOCALIZATION_PREFERS_STRING_CATALOGS = YES;
				MTL_ENABLE_DEBUG_INFO = NO;
				MTL_FAST_MATH = YES;
				SDKROOT = iphoneos;
				SWIFT_COMPILATION_MODE = wholemodule;
				VALIDATE_PRODUCT = YES;
			};
			name = Release;
		};
		DD46B9262E62EFCA00456183 /* Debug */ = {
			isa = XCBuildConfiguration;
			buildSettings = {
				ASSETCATALOG_COMPILER_APPICON_NAME = AppIcon;
				ASSETCATALOG_COMPILER_GLOBAL_ACCENT_COLOR_NAME = AccentColor;
				CODE_SIGN_STYLE = Automatic;
				CURRENT_PROJECT_VERSION = 1;
				DEVELOPMENT_TEAM = W474LURM85;
				ENABLE_PREVIEWS = YES;
				GENERATE_INFOPLIST_FILE = YES;
				INFOPLIST_FILE = "Appetizer-app-Info.plist";
				INFOPLIST_KEY_UIApplicationSceneManifest_Generation = YES;
				INFOPLIST_KEY_UIApplicationSupportsIndirectInputEvents = YES;
				INFOPLIST_KEY_UILaunchScreen_Generation = YES;
				INFOPLIST_KEY_UISupportedInterfaceOrientations_iPad = "UIInterfaceOrientationPortrait UIInterfaceOrientationPortraitUpsideDown UIInterfaceOrientationLandscapeLeft UIInterfaceOrientationLandscapeRight";
				INFOPLIST_KEY_UISupportedInterfaceOrientations_iPhone = "UIInterfaceOrientationPortrait UIInterfaceOrientationLandscapeLeft UIInterfaceOrientationLandscapeRight";
				LD_RUNPATH_SEARCH_PATHS = (
					"$(inherited)",
					"@executable_path/Frameworks",
				);
				MARKETING_VERSION = 1.0;
				PRODUCT_BUNDLE_IDENTIFIER = "shashank.Appetizer-app";
				PRODUCT_NAME = "$(TARGET_NAME)";
				SWIFT_EMIT_LOC_STRINGS = YES;
				SWIFT_VERSION = 5.0;
				TARGETED_DEVICE_FAMILY = "1,2";
			};
			name = Debug;
		};
		DD46B9272E62EFCA00456183 /* Release */ = {
			isa = XCBuildConfiguration;
			buildSettings = {
				ASSETCATALOG_COMPILER_APPICON_NAME = AppIcon;
				ASSETCATALOG_COMPILER_GLOBAL_ACCENT_COLOR_NAME = AccentColor;
				CODE_SIGN_STYLE = Automatic;
				CURRENT_PROJECT_VERSION = 1;
				DEVELOPMENT_TEAM = W474LURM85;
				ENABLE_PREVIEWS = YES;
				GENERATE_INFOPLIST_FILE = YES;
				INFOPLIST_FILE = "Appetizer-app-Info.plist";
				INFOPLIST_KEY_UIApplicationSceneManifest_Generation = YES;
				INFOPLIST_KEY_UIApplicationSupportsIndirectInputEvents = YES;
				INFOPLIST_KEY_UILaunchScreen_Generation = YES;
				INFOPLIST_KEY_UISupportedInterfaceOrientations_iPad = "UIInterfaceOrientationPortrait UIInterfaceOrientationPortraitUpsideDown UIInterfaceOrientationLandscapeLeft UIInterfaceOrientationLandscapeRight";
				INFOPLIST_KEY_UISupportedInterfaceOrientations_iPhone = "UIInterfaceOrientationPortrait UIInterfaceOrientationLandscapeLeft UIInterfaceOrientationLandscapeRight";
				LD_RUNPATH_SEARCH_PATHS = (
					"$(inherited)",
					"@executable_path/Frameworks",
				);
				MARKETING_VERSION = 1.0;
				PRODUCT_BUNDLE_IDENTIFIER = "shashank.Appetizer-app";
				PRODUCT_NAME = "$(TARGET_NAME)";
				SWIFT_EMIT_LOC_STRINGS = YES;
				SWIFT_VERSION = 5.0;
				TARGETED_DEVICE_FAMILY = "1,2";
			};
			name = Release;
		};
		DD46B9292E62EFCA00456183 /* Debug */ = {
			isa = XCBuildConfiguration;
			buildSettings = {
				BUNDLE_LOADER = "$(TEST_HOST)";
				CODE_SIGN_STYLE = Automatic;
				CURRENT_PROJECT_VERSION = 1;
				DEVELOPMENT_TEAM = W474LURM85;
				GENERATE_INFOPLIST_FILE = YES;
				IPHONEOS_DEPLOYMENT_TARGET = 18.5;
				MARKETING_VERSION = 1.0;
				PRODUCT_BUNDLE_IDENTIFIER = "shashank.Appetizer-appTests";
				PRODUCT_NAME = "$(TARGET_NAME)";
				SWIFT_EMIT_LOC_STRINGS = NO;
				SWIFT_VERSION = 5.0;
				TARGETED_DEVICE_FAMILY = "1,2";
				TEST_HOST = "$(BUILT_PRODUCTS_DIR)/Appetizer app.app/$(BUNDLE_EXECUTABLE_FOLDER_PATH)/Appetizer app";
			};
			name = Debug;
		};
		DD46B92A2E62EFCA00456183 /* Release */ = {
			isa = XCBuildConfiguration;
			buildSettings = {
				BUNDLE_LOADER = "$(TEST_HOST)";
				CODE_SIGN_STYLE = Automatic;
				CURRENT_PROJECT_VERSION = 1;
				DEVELOPMENT_TEAM = W474LURM85;
				GENERATE_INFOPLIST_FILE = YES;
				IPHONEOS_DEPLOYMENT_TARGET = 18.5;
				MARKETING_VERSION = 1.0;
				PRODUCT_BUNDLE_IDENTIFIER = "shashank.Appetizer-appTests";
				PRODUCT_NAME = "$(TARGET_NAME)";
				SWIFT_EMIT_LOC_STRINGS = NO;
				SWIFT_VERSION = 5.0;
				TARGETED_DEVICE_FAMILY = "1,2";
				TEST_HOST = "$(BUILT_PRODUCTS_DIR)/Appetizer app.app/$(BUNDLE_EXECUTABLE_FOLDER_PATH)/Appetizer app";
			};
			name = Release;
		};
		DD46B92C2E62EFCA00456183 /* Debug */ = {
			isa = XCBuildConfiguration;
			buildSettings = {
				CODE_SIGN_STYLE = Automatic;
				CURRENT_PROJECT_VERSION = 1;
				DEVELOPMENT_TEAM = W474LURM85;
				GENERATE_INFOPLIST_FILE = YES;
				MARKETING_VERSION = 1.0;
				PRODUCT_BUNDLE_IDENTIFIER = "shashank.Appetizer-appUITests";
				PRODUCT_NAME = "$(TARGET_NAME)";
				SWIFT_EMIT_LOC_STRINGS = NO;
				SWIFT_VERSION = 5.0;
				TARGETED_DEVICE_FAMILY = "1,2";
				TEST_TARGET_NAME = "Appetizer app";
			};
			name = Debug;
		};
		DD46B92D2E62EFCA00456183 /* Release */ = {
			isa = XCBuildConfiguration;
			buildSettings = {
				CODE_SIGN_STYLE = Automatic;
				CURRENT_PROJECT_VERSION = 1;
				DEVELOPMENT_TEAM = W474LURM85;
				GENERATE_INFOPLIST_FILE = YES;
				MARKETING_VERSION = 1.0;
				PRODUCT_BUNDLE_IDENTIFIER = "shashank.Appetizer-appUITests";
				PRODUCT_NAME = "$(TARGET_NAME)";
				SWIFT_EMIT_LOC_STRINGS = NO;
				SWIFT_VERSION = 5.0;
				TARGETED_DEVICE_FAMILY = "1,2";
				TEST_TARGET_NAME = "Appetizer app";
			};
			name = Release;
		};
/* End XCBuildConfiguration section */

/* Begin XCConfigurationList section */
		DD46B8FF2E62EFC700456183 /* Build configuration list for PBXProject "Appetizer app" */ = {
			isa = XCConfigurationList;
			buildConfigurations = (
				DD46B9232E62EFCA00456183 /* Debug */,
				DD46B9242E62EFCA00456183 /* Release */,
			);
			defaultConfigurationIsVisible = 0;
			defaultConfigurationName = Release;
		};
		DD46B9252E62EFCA00456183 /* Build configuration list for PBXNativeTarget "Appetizer app" */ = {
			isa = XCConfigurationList;
			buildConfigurations = (
				DD46B9262E62EFCA00456183 /* Debug */,
				DD46B9272E62EFCA00456183 /* Release */,
			);
			defaultConfigurationIsVisible = 0;
			defaultConfigurationName = Release;
		};
		DD46B9282E62EFCA00456183 /* Build configuration list for PBXNativeTarget "Appetizer appTests" */ = {
			isa = XCConfigurationList;
			buildConfigurations = (
				DD46B9292E62EFCA00456183 /* Debug */,
				DD46B92A2E62EFCA00456183 /* Release */,
			);
			defaultConfigurationIsVisible = 0;
			defaultConfigurationName = Release;
		};
		DD46B92B2E62EFCA00456183 /* Build configuration list for PBXNativeTarget "Appetizer appUITests" */ = {
			isa = XCConfigurationList;
			buildConfigurations = (
				DD46B92C2E62EFCA00456183 /* Debug */,
				DD46B92D2E62EFCA00456183 /* Release */,
			);
			defaultConfigurationIsVisible = 0;
			defaultConfigurationName = Release;
		};
/* End XCConfigurationList section */
	};
	rootObject = DD46B8FC2E62EFC700456183 /* Project object */;
}
